
Microsoft Visual Studio Solution File, Format Version 12.00
# Visual Studio 14
VisualStudioVersion = 14.0.25420.1
MinimumVisualStudioVersion = 10.0.40219.1
Project("{FAE04EC0-301F-11D3-BF4B-00C04F79EFBC}") = "Example5", "CSharpInDepth\Example5.csproj", "{0C6A34B7-2A32-4C93-A2B8-A79FAF9067D3}"
EndProject
Project("{FAE04EC0-301F-11D3-BF4B-00C04F79EFBC}") = "QueryPractice", "QueryPractice\QueryPractice.csproj", "{59D9442B-4C67-4386-AF9B-545A4F57F8D1}"
EndProject
Project("{FAE04EC0-301F-11D3-BF4B-00C04F79EFBC}") = "Example6", "Example6\Example6.csproj", "{5B6E67B1-A091-4810-959D-2A91A8A6A2F1}"
EndProject
Global
	GlobalSection(SolutionConfigurationPlatforms) = preSolution
		Debug|Any CPU = Debug|Any CPU
		Release|Any CPU = Release|Any CPU
	EndGlobalSection
	GlobalSection(ProjectConfigurationPlatforms) = postSolution
		{0C6A34B7-2A32-4C93-A2B8-A79FAF9067D3}.Debug|Any CPU.ActiveCfg = Debug|Any CPU
		{0C6A34B7-2A32-4C93-A2B8-A79FAF9067D3}.Debug|Any CPU.Build.0 = Debug|Any CPU
		{0C6A34B7-2A32-4C93-A2B8-A79FAF9067D3}.Release|Any CPU.ActiveCfg = Release|Any CPU
		{0C6A34B7-2A32-4C93-A2B8-A79FAF9067D3}.Release|Any CPU.Build.0 = Release|Any CPU
		{59D9442B-4C67-4386-AF9B-545A4F57F8D1}.Debug|Any CPU.ActiveCfg = Debug|Any CPU
		{59D9442B-4C67-4386-AF9B-545A4F57F8D1}.Debug|Any CPU.Build.0 = Debug|Any CPU
		{59D9442B-4C67-4386-AF9B-545A4F57F8D1}.Release|Any CPU.ActiveCfg = Release|Any CPU
		{59D9442B-4C67-4386-AF9B-545A4F57F8D1}.Release|Any CPU.Build.0 = Release|Any CPU
		{5B6E67B1-A091-4810-959D-2A91A8A6A2F1}.Debug|Any CPU.ActiveCfg = Debug|Any CPU
		{5B6E67B1-A091-4810-959D-2A91A8A6A2F1}.Debug|Any CPU.Build.0 = Debug|Any CPU
		{5B6E67B1-A091-4810-959D-2A91A8A6A2F1}.Release|Any CPU.ActiveCfg = Release|Any CPU
		{5B6E67B1-A091-4810-959D-2A91A8A6A2F1}.Release|Any CPU.Build.0 = Release|Any CPU
	EndGlobalSection
	GlobalSection(SolutionProperties) = preSolution
		HideSolutionNode = FALSE
	EndGlobalSection
EndGlobal
